{
  "name": "projeto-ong-conecta-esperanca",
  "version": "1.0.0",
  "lockfileVersion": 3,
  "requires": true,
  "packages": {
    "": {
      "name": "projeto-ong-conecta-esperanca",
      "version": "1.0.0",
      "dependencies": {
        "dayjs": "^1.11.13"
      },
      "devDependencies": {
        "vite": "^7.1.3"
      },
      "engines": {
        "node": ">=20.19.0"
      }
    }
  }
}
